# THIS IS AN AUTOGENERATED FILE. DO NOT EDIT THIS FILE DIRECTLY.
# yarn lockfile v1


"@cloudflare/workers-types@^2.1.0":
  version "2.1.0"
  resolved "https://registry.eatwith.io/@cloudflare%2fworkers-types/-/workers-types-2.1.0.tgz#6e4f07567f4c914ad811c2d7a6172d0ae834c7f6"
  integrity sha512-VmXaHTq0lt6Xre4aK1hUK25hjZjuEUkHtdUEt0FJamv+NzQO54Gwp6Zr5Cfu6SP5EQ/tTmTMP/tK9npA8zhcCg==

path-to-regexp@^6.1.0:
  version "6.2.0"
  resolved "https://registry.eatwith.io/path-to-regexp/-/path-to-regexp-6.2.0.tgz#f7b3803336104c346889adece614669230645f38"
  integrity sha512-f66KywYG6+43afgE/8j/GoiNyygk/bnoCbps++3ErRKsIYkGGupyv07R2Ok5m9i67Iqc+T2g1eAUGUPzWhYTyg==

tiny-request-router@^1.2.2:
  version "1.2.2"
  resolved "https://registry.eatwith.io/tiny-request-router/-/tiny-request-router-1.2.2.tgz#1b80694497e4e8dcbb8e93851ec7f03c6ca13e75"
  integrity sha512-6ZMFU7AP9so+hkqmMM9fJ11V44EAcYuHCmNdsyM8k94oVnNDPQwUAAPoBHqchHSpKG6yZbCasgVeRxaY5v2BCg==
  dependencies:
    path-to-regexp "^6.1.0"

typescript@^4.0.5:
  version "4.0.5"
  resolved "https://registry.eatwith.io/typescript/-/typescript-4.0.5.tgz#ae9dddfd1069f1cb5beb3ef3b2170dd7c1332389"
  integrity sha512-ywmr/VrTVCmNTJ6iV2LwIrfG1P+lv6luD8sUJs+2eI9NLGigaN+nUQc13iHqisq7bra9lnmUSYqbJvegraBOPQ==
