# THIS IS AN AUTOGENERATED FILE. DO NOT EDIT THIS FILE DIRECTLY.
# yarn lockfile v1


"@cloudflare/workers-types@^2.0.0":
  version "2.1.0"
  resolved "https://registry.yarnpkg.com/@cloudflare/workers-types/-/workers-types-2.1.0.tgz#6e4f07567f4c914ad811c2d7a6172d0ae834c7f6"
  integrity sha512-VmXaHTq0lt6Xre4aK1hUK25hjZjuEUkHtdUEt0FJamv+NzQO54Gwp6Zr5Cfu6SP5EQ/tTmTMP/tK9npA8zhcCg==
